
Microsoft Visual Studio Solution File, Format Version 12.00
# Visual Studio Version 17
VisualStudioVersion = 17.7.34024.191
MinimumVisualStudioVersion = 10.0.40219.1
Project("{9A19103F-16F7-4668-BE54-9A1E7A4F7556}") = "PipilikaAPI", "PipilikaAPI\PipilikaAPI.csproj", "{352BB1CE-754F-4E29-9E9C-5C4B9AA6EE46}"
EndProject
Project("{9A19103F-16F7-4668-BE54-9A1E7A4F7556}") = "PiplikaTaskUI", "PiplikaTaskUI\PiplikaTaskUI.csproj", "{46542ABC-C49D-4E9F-9CDE-A210C41A7415}"
EndProject
Project("{FAE04EC0-301F-11D3-BF4B-00C04F79EFBC}") = "PipilikaUI2", "PipilikaUI2\PipilikaUI2.csproj", "{69ED38FB-EE71-4B88-82DD-4CD879FAFEA5}"
EndProject
Global
	GlobalSection(SolutionConfigurationPlatforms) = preSolution
		Debug|Any CPU = Debug|Any CPU
		Release|Any CPU = Release|Any CPU
	EndGlobalSection
	GlobalSection(ProjectConfigurationPlatforms) = postSolution
		{352BB1CE-754F-4E29-9E9C-5C4B9AA6EE46}.Debug|Any CPU.ActiveCfg = Debug|Any CPU
		{352BB1CE-754F-4E29-9E9C-5C4B9AA6EE46}.Debug|Any CPU.Build.0 = Debug|Any CPU
		{352BB1CE-754F-4E29-9E9C-5C4B9AA6EE46}.Release|Any CPU.ActiveCfg = Release|Any CPU
		{352BB1CE-754F-4E29-9E9C-5C4B9AA6EE46}.Release|Any CPU.Build.0 = Release|Any CPU
		{46542ABC-C49D-4E9F-9CDE-A210C41A7415}.Debug|Any CPU.ActiveCfg = Debug|Any CPU
		{46542ABC-C49D-4E9F-9CDE-A210C41A7415}.Debug|Any CPU.Build.0 = Debug|Any CPU
		{46542ABC-C49D-4E9F-9CDE-A210C41A7415}.Release|Any CPU.ActiveCfg = Release|Any CPU
		{46542ABC-C49D-4E9F-9CDE-A210C41A7415}.Release|Any CPU.Build.0 = Release|Any CPU
		{69ED38FB-EE71-4B88-82DD-4CD879FAFEA5}.Debug|Any CPU.ActiveCfg = Debug|Any CPU
		{69ED38FB-EE71-4B88-82DD-4CD879FAFEA5}.Debug|Any CPU.Build.0 = Debug|Any CPU
		{69ED38FB-EE71-4B88-82DD-4CD879FAFEA5}.Release|Any CPU.ActiveCfg = Release|Any CPU
		{69ED38FB-EE71-4B88-82DD-4CD879FAFEA5}.Release|Any CPU.Build.0 = Release|Any CPU
	EndGlobalSection
	GlobalSection(SolutionProperties) = preSolution
		HideSolutionNode = FALSE
	EndGlobalSection
	GlobalSection(ExtensibilityGlobals) = postSolution
		SolutionGuid = {CAAE1671-B8B2-4295-91FC-D18CC65639B8}
	EndGlobalSection
EndGlobal
